
Microsoft Visual Studio Solution File, Format Version 12.00
# Visual Studio Version 17
VisualStudioVersion = 17.0.31903.59
MinimumVisualStudioVersion = 10.0.40219.1
Project("{FAE04EC0-301F-11D3-BF4B-00C04F79EFBC}") = "BlazeFrame", "BlazeFrame\BlazeFrame.csproj", "{1EDBB53F-F18A-4963-8707-96B69CF3A635}"
EndProject
Global
	GlobalSection(SolutionConfigurationPlatforms) = preSolution
		Debug|Any CPU = Debug|Any CPU
		Release|Any CPU = Release|Any CPU
	EndGlobalSection
	GlobalSection(SolutionProperties) = preSolution
		HideSolutionNode = FALSE
	EndGlobalSection
	GlobalSection(ProjectConfigurationPlatforms) = postSolution
		{1EDBB53F-F18A-4963-8707-96B69CF3A635}.Debug|Any CPU.ActiveCfg = Debug|Any CPU
		{1EDBB53F-F18A-4963-8707-96B69CF3A635}.Debug|Any CPU.Build.0 = Debug|Any CPU
		{1EDBB53F-F18A-4963-8707-96B69CF3A635}.Release|Any CPU.ActiveCfg = Release|Any CPU
		{1EDBB53F-F18A-4963-8707-96B69CF3A635}.Release|Any CPU.Build.0 = Release|Any CPU
	EndGlobalSection
EndGlobal
